// !$*UTF8*$!
{
	archiveVersion = 1;
	classes = {
	};
	objectVersion = 77;
	objects = {

/* Begin PBXContainerItemProxy section */
		A10000000000000000000031 /* PBXContainerItemProxy */ = {
			isa = PBXContainerItemProxy;
			containerPortal = A10000000000000000000001 /* Project object */;
			proxyType = 1;
			remoteGlobalIDString = A10000000000000000000010;
			remoteInfo = Arson;
		};
		A10000000000000000000032 /* PBXContainerItemProxy */ = {
			isa = PBXContainerItemProxy;
			containerPortal = A10000000000000000000001 /* Project object */;
			proxyType = 1;
			remoteGlobalIDString = A10000000000000000000010;
			remoteInfo = Arson;
		};
/* End PBXContainerItemProxy section */

/* Begin PBXFileReference section */
		A10000000000000000000020 /* Arson.app */ = {isa = PBXFileReference; explicitFileType = wrapper.application; includeInIndex = 0; path = Arson.app; sourceTree = BUILT_PRODUCTS_DIR; };
		A10000000000000000000021 /* ArsonTests.xctest */ = {isa = PBXFileReference; explicitFileType = wrapper.cfbundle; includeInIndex = 0; path = ArsonTests.xctest; sourceTree = BUILT_PRODUCTS_DIR; };
		A10000000000000000000022 /* ArsonUITests.xctest */ = {isa = PBXFileReference; explicitFileType = wrapper.cfbundle; includeInIndex = 0; path = ArsonUITests.xctest; sourceTree = BUILT_PRODUCTS_DIR; };
/* End PBXFileReference section */

/* Begin PBXFileSystemSynchronizedRootGroup section */
		A10000000000000000000040 /* Arson */ = {
			isa = PBXFileSystemSynchronizedRootGroup;
			path = Arson;
			sourceTree = "<group>";
		};
		A10000000000000000000041 /* ArsonTests */ = {
			isa = PBXFileSystemSynchronizedRootGroup;
			path = ArsonTests;
			sourceTree = "<group>";
		};
		A10000000000000000000042 /* ArsonUITests */ = {
			isa = PBXFileSystemSynchronizedRootGroup;
			path = ArsonUITests;
			sourceTree = "<group>";
		};
/* End PBXFileSystemSynchronizedRootGroup section */

/* Begin PBXFrameworksBuildPhase section */
		A10000000000000000000050 /* Frameworks */ = {isa = PBXFrameworksBuildPhase; buildActionMask = 2147483647; files = (); runOnlyForDeploymentPostprocessing = 0; };
		A10000000000000000000051 /* Frameworks */ = {isa = PBXFrameworksBuildPhase; buildActionMask = 2147483647; files = (); runOnlyForDeploymentPostprocessing = 0; };
		A10000000000000000000052 /* Frameworks */ = {isa = PBXFrameworksBuildPhase; buildActionMask = 2147483647; files = (); runOnlyForDeploymentPostprocessing = 0; };
/* End PBXFrameworksBuildPhase section */

/* Begin PBXGroup section */
		A10000000000000000000002 = {
			isa = PBXGroup;
			children = (
				A10000000000000000000040 /* Arson */,
				A10000000000000000000041 /* ArsonTests */,
				A10000000000000000000042 /* ArsonUITests */,
				A10000000000000000000003 /* Products */,
			);
			sourceTree = "<group>";
		};
		A10000000000000000000003 /* Products */ = {
			isa = PBXGroup;
			children = (
				A10000000000000000000020 /* Arson.app */,
				A10000000000000000000021 /* ArsonTests.xctest */,
				A10000000000000000000022 /* ArsonUITests.xctest */,
			);
			name = Products;
			sourceTree = "<group>";
		};
/* End PBXGroup section */

/* Begin PBXNativeTarget section */
		A10000000000000000000010 /* Arson */ = {
			isa = PBXNativeTarget;
			buildConfigurationList = A10000000000000000000070 /* Build configuration list for PBXNativeTarget "Arson" */;
			buildPhases = (
				A10000000000000000000060 /* Sources */,
				A10000000000000000000050 /* Frameworks */,
				A10000000000000000000063 /* Resources */,
			);
			buildRules = ();
			dependencies = ();
			fileSystemSynchronizedGroups = (A10000000000000000000040 /* Arson */);
			name = Arson;
			packageProductDependencies = ();
			productName = Arson;
			productReference = A10000000000000000000020 /* Arson.app */;
			productType = "com.apple.product-type.application";
		};
		A10000000000000000000011 /* ArsonTests */ = {
			isa = PBXNativeTarget;
			buildConfigurationList = A10000000000000000000071 /* Build configuration list for PBXNativeTarget "ArsonTests" */;
			buildPhases = (
				A10000000000000000000061 /* Sources */,
				A10000000000000000000051 /* Frameworks */,
				A10000000000000000000064 /* Resources */,
			);
			buildRules = ();
			dependencies = (A10000000000000000000033 /* PBXTargetDependency */);
			fileSystemSynchronizedGroups = (A10000000000000000000041 /* ArsonTests */);
			name = ArsonTests;
			packageProductDependencies = ();
			productName = ArsonTests;
			productReference = A10000000000000000000021 /* ArsonTests.xctest */;
			productType = "com.apple.product-type.bundle.unit-test";
		};
		A10000000000000000000012 /* ArsonUITests */ = {
			isa = PBXNativeTarget;
			buildConfigurationList = A10000000000000000000072 /* Build configuration list for PBXNativeTarget "ArsonUITests" */;
			buildPhases = (
				A10000000000000000000062 /* Sources */,
				A10000000000000000000052 /* Frameworks */,
				A10000000000000000000065 /* Resources */,
			);
			buildRules = ();
			dependencies = (A10000000000000000000034 /* PBXTargetDependency */);
			fileSystemSynchronizedGroups = (A10000000000000000000042 /* ArsonUITests */);
			name = ArsonUITests;
			packageProductDependencies = ();
			productName = ArsonUITests;
			productReference = A10000000000000000000022 /* ArsonUITests.xctest */;
			productType = "com.apple.product-type.bundle.ui-testing";
		};
/* End PBXNativeTarget section */

/* Begin PBXProject section */
		A10000000000000000000001 /* Project object */ = {
			isa = PBXProject;
			attributes = {
				BuildIndependentTargetsInParallel = 1;
				LastSwiftUpdateCheck = 2650;
				LastUpgradeCheck = 2650;
				TargetAttributes = {
					A10000000000000000000010 = { CreatedOnToolsVersion = 26.5; };
					A10000000000000000000011 = { CreatedOnToolsVersion = 26.5; TestTargetID = A10000000000000000000010; };
					A10000000000000000000012 = { CreatedOnToolsVersion = 26.5; TestTargetID = A10000000000000000000010; };
				};
			};
			buildConfigurationList = A10000000000000000000073 /* Build configuration list for PBXProject "Arson" */;
			developmentRegion = en;
			hasScannedForEncodings = 0;
			knownRegions = (en, de, Base);
			mainGroup = A10000000000000000000002;
			preferredProjectObjectVersion = 77;
			productRefGroup = A10000000000000000000003 /* Products */;
			projectDirPath = "";
			projectRoot = "";
			targets = (
				A10000000000000000000010 /* Arson */,
				A10000000000000000000011 /* ArsonTests */,
				A10000000000000000000012 /* ArsonUITests */,
			);
		};
/* End PBXProject section */

/* Begin PBXResourcesBuildPhase section */
		A10000000000000000000063 /* Resources */ = {isa = PBXResourcesBuildPhase; buildActionMask = 2147483647; files = (); runOnlyForDeploymentPostprocessing = 0; };
		A10000000000000000000064 /* Resources */ = {isa = PBXResourcesBuildPhase; buildActionMask = 2147483647; files = (); runOnlyForDeploymentPostprocessing = 0; };
		A10000000000000000000065 /* Resources */ = {isa = PBXResourcesBuildPhase; buildActionMask = 2147483647; files = (); runOnlyForDeploymentPostprocessing = 0; };
/* End PBXResourcesBuildPhase section */

/* Begin PBXSourcesBuildPhase section */
		A10000000000000000000060 /* Sources */ = {isa = PBXSourcesBuildPhase; buildActionMask = 2147483647; files = (); runOnlyForDeploymentPostprocessing = 0; };
		A10000000000000000000061 /* Sources */ = {isa = PBXSourcesBuildPhase; buildActionMask = 2147483647; files = (); runOnlyForDeploymentPostprocessing = 0; };
		A10000000000000000000062 /* Sources */ = {isa = PBXSourcesBuildPhase; buildActionMask = 2147483647; files = (); runOnlyForDeploymentPostprocessing = 0; };
/* End PBXSourcesBuildPhase section */

/* Begin PBXTargetDependency section */
		A10000000000000000000033 /* PBXTargetDependency */ = {isa = PBXTargetDependency; target = A10000000000000000000010 /* Arson */; targetProxy = A10000000000000000000031 /* PBXContainerItemProxy */; };
		A10000000000000000000034 /* PBXTargetDependency */ = {isa = PBXTargetDependency; target = A10000000000000000000010 /* Arson */; targetProxy = A10000000000000000000032 /* PBXContainerItemProxy */; };
/* End PBXTargetDependency section */

/* Begin XCBuildConfiguration section */
		A10000000000000000000080 /* Debug */ = {isa = XCBuildConfiguration; buildSettings = { ALWAYS_SEARCH_USER_PATHS = NO; ENABLE_TESTABILITY = YES; GCC_PREPROCESSOR_DEFINITIONS = ("DEBUG=1", "$(inherited)"); MACOSX_DEPLOYMENT_TARGET = 26.0; ONLY_ACTIVE_ARCH = YES; SDKROOT = macosx; SWIFT_ACTIVE_COMPILATION_CONDITIONS = "DEBUG $(inherited)"; SWIFT_OPTIMIZATION_LEVEL = "-Onone"; }; name = Debug; };
		A10000000000000000000081 /* Release */ = {isa = XCBuildConfiguration; buildSettings = { ALWAYS_SEARCH_USER_PATHS = NO; MACOSX_DEPLOYMENT_TARGET = 26.0; SDKROOT = macosx; SWIFT_COMPILATION_MODE = wholemodule; }; name = Release; };
		A10000000000000000000082 /* Debug */ = {
			isa = XCBuildConfiguration;
			buildSettings = {
				ASSETCATALOG_COMPILER_APPICON_NAME = Arson;
				ASSETCATALOG_COMPILER_GLOBAL_ACCENT_COLOR_NAME = AccentColor;
				CODE_SIGN_STYLE = Automatic;
				COMBINE_HIDPI_IMAGES = YES;
				CURRENT_PROJECT_VERSION = 1;
				ENABLE_APP_SANDBOX = NO;
				ENABLE_HARDENED_RUNTIME = YES;
				GENERATE_INFOPLIST_FILE = YES;
				INFOPLIST_KEY_CFBundleDisplayName = Arson;
				INFOPLIST_KEY_LSApplicationCategoryType = "public.app-category.utilities";
				INFOPLIST_KEY_NSHumanReadableCopyright = "Copyright © 2026 Lukas Harzbecker. All rights reserved.";
				LD_RUNPATH_SEARCH_PATHS = "$(inherited) @executable_path/../Frameworks";
				MARKETING_VERSION = 1.0;
				PRODUCT_BUNDLE_IDENTIFIER = de.lukasharzbecker.arson;
				PRODUCT_NAME = "$(TARGET_NAME)";
				SWIFT_EMIT_LOC_STRINGS = YES;
				SWIFT_STRICT_CONCURRENCY = complete;
				SWIFT_TREAT_WARNINGS_AS_ERRORS = YES;
				SWIFT_VERSION = 6.0;
			};
			name = Debug;
		};
		A10000000000000000000083 /* Release */ = {isa = XCBuildConfiguration; buildSettings = { ASSETCATALOG_COMPILER_APPICON_NAME = Arson; ASSETCATALOG_COMPILER_GLOBAL_ACCENT_COLOR_NAME = AccentColor; CODE_SIGN_STYLE = Automatic; COMBINE_HIDPI_IMAGES = YES; CURRENT_PROJECT_VERSION = 1; ENABLE_APP_SANDBOX = NO; ENABLE_HARDENED_RUNTIME = YES; GENERATE_INFOPLIST_FILE = YES; INFOPLIST_KEY_CFBundleDisplayName = Arson; INFOPLIST_KEY_LSApplicationCategoryType = "public.app-category.utilities"; INFOPLIST_KEY_NSHumanReadableCopyright = "Copyright © 2026 Lukas Harzbecker. All rights reserved."; LD_RUNPATH_SEARCH_PATHS = "$(inherited) @executable_path/../Frameworks"; MARKETING_VERSION = 1.0; PRODUCT_BUNDLE_IDENTIFIER = de.lukasharzbecker.arson; PRODUCT_NAME = "$(TARGET_NAME)"; SWIFT_EMIT_LOC_STRINGS = YES; SWIFT_STRICT_CONCURRENCY = complete; SWIFT_TREAT_WARNINGS_AS_ERRORS = YES; SWIFT_VERSION = 6.0; }; name = Release; };
		A10000000000000000000084 /* Debug */ = {isa = XCBuildConfiguration; buildSettings = { BUNDLE_LOADER = "$(TEST_HOST)"; CODE_SIGN_STYLE = Automatic; CURRENT_PROJECT_VERSION = 1; GENERATE_INFOPLIST_FILE = YES; PRODUCT_BUNDLE_IDENTIFIER = de.lukasharzbecker.arson.tests; PRODUCT_NAME = "$(TARGET_NAME)"; SWIFT_STRICT_CONCURRENCY = complete; SWIFT_TREAT_WARNINGS_AS_ERRORS = YES; SWIFT_VERSION = 6.0; TEST_HOST = "$(BUILT_PRODUCTS_DIR)/Arson.app/Contents/MacOS/Arson"; }; name = Debug; };
		A10000000000000000000085 /* Release */ = {isa = XCBuildConfiguration; buildSettings = { BUNDLE_LOADER = "$(TEST_HOST)"; CODE_SIGN_STYLE = Automatic; CURRENT_PROJECT_VERSION = 1; GENERATE_INFOPLIST_FILE = YES; PRODUCT_BUNDLE_IDENTIFIER = de.lukasharzbecker.arson.tests; PRODUCT_NAME = "$(TARGET_NAME)"; SWIFT_STRICT_CONCURRENCY = complete; SWIFT_TREAT_WARNINGS_AS_ERRORS = YES; SWIFT_VERSION = 6.0; TEST_HOST = "$(BUILT_PRODUCTS_DIR)/Arson.app/Contents/MacOS/Arson"; }; name = Release; };
		A10000000000000000000086 /* Debug */ = {isa = XCBuildConfiguration; buildSettings = { CODE_SIGN_STYLE = Automatic; CURRENT_PROJECT_VERSION = 1; GENERATE_INFOPLIST_FILE = YES; PRODUCT_BUNDLE_IDENTIFIER = de.lukasharzbecker.arson.uitests; PRODUCT_NAME = "$(TARGET_NAME)"; SWIFT_STRICT_CONCURRENCY = complete; SWIFT_TREAT_WARNINGS_AS_ERRORS = YES; SWIFT_VERSION = 6.0; TEST_TARGET_NAME = Arson; }; name = Debug; };
		A10000000000000000000087 /* Release */ = {isa = XCBuildConfiguration; buildSettings = { CODE_SIGN_STYLE = Automatic; CURRENT_PROJECT_VERSION = 1; GENERATE_INFOPLIST_FILE = YES; PRODUCT_BUNDLE_IDENTIFIER = de.lukasharzbecker.arson.uitests; PRODUCT_NAME = "$(TARGET_NAME)"; SWIFT_STRICT_CONCURRENCY = complete; SWIFT_TREAT_WARNINGS_AS_ERRORS = YES; SWIFT_VERSION = 6.0; TEST_TARGET_NAME = Arson; }; name = Release; };
/* End XCBuildConfiguration section */

/* Begin XCConfigurationList section */
		A10000000000000000000070 /* Build configuration list for PBXNativeTarget "Arson" */ = {isa = XCConfigurationList; buildConfigurations = (A10000000000000000000082 /* Debug */, A10000000000000000000083 /* Release */); defaultConfigurationIsVisible = 0; defaultConfigurationName = Release; };
		A10000000000000000000071 /* Build configuration list for PBXNativeTarget "ArsonTests" */ = {isa = XCConfigurationList; buildConfigurations = (A10000000000000000000084 /* Debug */, A10000000000000000000085 /* Release */); defaultConfigurationIsVisible = 0; defaultConfigurationName = Release; };
		A10000000000000000000072 /* Build configuration list for PBXNativeTarget "ArsonUITests" */ = {isa = XCConfigurationList; buildConfigurations = (A10000000000000000000086 /* Debug */, A10000000000000000000087 /* Release */); defaultConfigurationIsVisible = 0; defaultConfigurationName = Release; };
		A10000000000000000000073 /* Build configuration list for PBXProject "Arson" */ = {isa = XCConfigurationList; buildConfigurations = (A10000000000000000000080 /* Debug */, A10000000000000000000081 /* Release */); defaultConfigurationIsVisible = 0; defaultConfigurationName = Release; };
/* End XCConfigurationList section */
	};
	rootObject = A10000000000000000000001 /* Project object */;
}
